
Microsoft Visual Studio Solution File, Format Version 12.00
# Visual Studio Version 16
VisualStudioVersion = 16.0.30128.74
MinimumVisualStudioVersion = 10.0.40219.1
Project("{8BC9CEB8-8B4A-11D0-8D11-00A0C91BC942}") = "EX5_ans", "EX5_ans.vcxproj", "{A8C6F6CC-E150-42F9-A506-9C8DDF71B12C}"
EndProject
Project("{8BC9CEB8-8B4A-11D0-8D11-00A0C91BC942}") = "Ex5_ans_2", "Ex5_ans_2\Ex5_ans_2.vcxproj", "{DA120A3E-E8AB-4C67-82B1-663BCCE40FBF}"
EndProject
Global
	GlobalSection(SolutionConfigurationPlatforms) = preSolution
		Debug|x64 = Debug|x64
		Debug|x86 = Debug|x86
		Release|x64 = Release|x64
		Release|x86 = Release|x86
	EndGlobalSection
	GlobalSection(ProjectConfigurationPlatforms) = postSolution
		{A8C6F6CC-E150-42F9-A506-9C8DDF71B12C}.Debug|x64.ActiveCfg = Debug|x64
		{A8C6F6CC-E150-42F9-A506-9C8DDF71B12C}.Debug|x64.Build.0 = Debug|x64
		{A8C6F6CC-E150-42F9-A506-9C8DDF71B12C}.Debug|x86.ActiveCfg = Debug|Win32
		{A8C6F6CC-E150-42F9-A506-9C8DDF71B12C}.Debug|x86.Build.0 = Debug|Win32
		{A8C6F6CC-E150-42F9-A506-9C8DDF71B12C}.Release|x64.ActiveCfg = Release|x64
		{A8C6F6CC-E150-42F9-A506-9C8DDF71B12C}.Release|x64.Build.0 = Release|x64
		{A8C6F6CC-E150-42F9-A506-9C8DDF71B12C}.Release|x86.ActiveCfg = Release|Win32
		{A8C6F6CC-E150-42F9-A506-9C8DDF71B12C}.Release|x86.Build.0 = Release|Win32
		{DA120A3E-E8AB-4C67-82B1-663BCCE40FBF}.Debug|x64.ActiveCfg = Debug|x64
		{DA120A3E-E8AB-4C67-82B1-663BCCE40FBF}.Debug|x64.Build.0 = Debug|x64
		{DA120A3E-E8AB-4C67-82B1-663BCCE40FBF}.Debug|x86.ActiveCfg = Debug|Win32
		{DA120A3E-E8AB-4C67-82B1-663BCCE40FBF}.Debug|x86.Build.0 = Debug|Win32
		{DA120A3E-E8AB-4C67-82B1-663BCCE40FBF}.Release|x64.ActiveCfg = Release|x64
		{DA120A3E-E8AB-4C67-82B1-663BCCE40FBF}.Release|x64.Build.0 = Release|x64
		{DA120A3E-E8AB-4C67-82B1-663BCCE40FBF}.Release|x86.ActiveCfg = Release|Win32
		{DA120A3E-E8AB-4C67-82B1-663BCCE40FBF}.Release|x86.Build.0 = Release|Win32
	EndGlobalSection
	GlobalSection(SolutionProperties) = preSolution
		HideSolutionNode = FALSE
	EndGlobalSection
	GlobalSection(ExtensibilityGlobals) = postSolution
		SolutionGuid = {FBB25DEE-7F99-4EB3-8AE5-B1E78B8EDB63}
	EndGlobalSection
EndGlobal
